
Microsoft Visual Studio Solution File, Format Version 12.00
# Visual Studio Version 17
VisualStudioVersion = 17.0.31912.275
MinimumVisualStudioVersion = 10.0.40219.1
Project("{2150E333-8FDC-42A3-9474-1A3956D46DE8}") = "EventBus", "EventBus", "{493731B5-3D3E-482D-B0FF-DBDB33E524F3}"
EndProject
Project("{2150E333-8FDC-42A3-9474-1A3956D46DE8}") = "Services", "Services", "{2ABD3F52-8CF2-4FA7-8BC7-5C9ECC2C5551}"
EndProject
Project("{9A19103F-16F7-4668-BE54-9A1E7A4F7556}") = "EventBus", "EventBus\EventBus\EventBus.csproj", "{DFAFD9F3-D9AC-4A22-8CD6-F4739B9CDBAA}"
EndProject
Project("{9A19103F-16F7-4668-BE54-9A1E7A4F7556}") = "EventBusRabbitMQ", "EventBus\EventBusRabbitMQ\EventBusRabbitMQ.csproj", "{676C2601-69FF-40F5-8B6D-4200268707B0}"
EndProject
Project("{9A19103F-16F7-4668-BE54-9A1E7A4F7556}") = "IntegrationEventLogEF", "EventBus\IntegrationEventLogEF\IntegrationEventLogEF.csproj", "{DA037194-41A5-4680-A9F9-8CC94F396ECC}"
EndProject
Project("{2150E333-8FDC-42A3-9474-1A3956D46DE8}") = "WebHost", "WebHost", "{AE7AD4BE-AACC-40F5-858A-E8F3B5E29E56}"
EndProject
Project("{9A19103F-16F7-4668-BE54-9A1E7A4F7556}") = "WebHost.Customization", "WebHost\WebHost.Customization\WebHost.Customization.csproj", "{90AA84DB-906D-4FCB-9D9D-C932111A7017}"
EndProject
Project("{2150E333-8FDC-42A3-9474-1A3956D46DE8}") = "Order", "Order", "{8FA19683-9172-44B5-BB2A-236F528DA95F}"
EndProject
Project("{9A19103F-16F7-4668-BE54-9A1E7A4F7556}") = "Ordering.API", "Order\Order.API\Ordering.API.csproj", "{7F6A7F51-5CE8-4574-A06B-E63FF03C612C}"
EndProject
Project("{9A19103F-16F7-4668-BE54-9A1E7A4F7556}") = "Ordering.Domain", "Order\Order.Domain\Ordering.Domain.csproj", "{AEBC6832-CCC8-4B4F-8E13-A21F07495AAF}"
EndProject
Project("{9A19103F-16F7-4668-BE54-9A1E7A4F7556}") = "Ordering.Infrastructure", "Order\Order.Infrastructure\Ordering.Infrastructure.csproj", "{2416CA05-44A9-46E0-85A6-83A4A14F196E}"
EndProject
Project("{2150E333-8FDC-42A3-9474-1A3956D46DE8}") = "Identity", "Identity", "{8A13C604-7820-4817-AC88-19CAA6ED5AB6}"
EndProject
Project("{9A19103F-16F7-4668-BE54-9A1E7A4F7556}") = "Identity.API", "Identity\Identity.API\Identity.API.csproj", "{61FD7E74-346D-4FCB-A568-C359A8C21732}"
EndProject
Project("{2150E333-8FDC-42A3-9474-1A3956D46DE8}") = "Clients", "Clients", "{650685DD-C608-4397-A817-F44BDF365947}"
EndProject
Project("{9A19103F-16F7-4668-BE54-9A1E7A4F7556}") = "mvcclient", "Clients\MvcClient\mvcclient.csproj", "{95E6DECA-0DA6-4A81-8728-5B942D7AEF60}"
EndProject
Project("{9A19103F-16F7-4668-BE54-9A1E7A4F7556}") = "Identity.Infrastructure", "Identity\Identity.Infrastructure\Identity.Infrastructure.csproj", "{2AE1CF00-C886-41FA-8CB9-BB6384D7DB1A}"
EndProject
Project("{9A19103F-16F7-4668-BE54-9A1E7A4F7556}") = "Ordering.Contracts", "Order\Order.Contracts\Ordering.Contracts.csproj", "{142EDEA0-4E38-4930-B09D-7A969F06EDD9}"
EndProject
Project("{9A19103F-16F7-4668-BE54-9A1E7A4F7556}") = "Ordering.Application", "Order\Order.Application\Ordering.Application.csproj", "{1906F379-0022-47E7-B279-EBBFE2CD27A9}"
EndProject
Project("{2150E333-8FDC-42A3-9474-1A3956D46DE8}") = "Payment", "Payment", "{D1BBCEEF-9701-4EE1-BEEE-62C2180DF64B}"
EndProject
Project("{9A19103F-16F7-4668-BE54-9A1E7A4F7556}") = "Payment.Contracts", "Payment\Payment.Contracts\Payment.Contracts.csproj", "{A23BAC98-4494-4BA9-845C-BED27A0F63A0}"
EndProject
Project("{2150E333-8FDC-42A3-9474-1A3956D46DE8}") = "Basket", "Basket", "{260C62A1-5EBE-4818-9ED8-CD604F3C0113}"
EndProject
Project("{9A19103F-16F7-4668-BE54-9A1E7A4F7556}") = "Basket.Contracts", "Basket\Basket.Contracts\Basket.Contracts.csproj", "{AAFE5FFB-9F7A-416A-915F-543B91AAB7C6}"
EndProject
Project("{2150E333-8FDC-42A3-9474-1A3956D46DE8}") = "Catalog", "Catalog", "{F2317AFF-A0B6-4BED-9751-C629D2E17BA8}"
EndProject
Project("{9A19103F-16F7-4668-BE54-9A1E7A4F7556}") = "Catalog.Contracts", "Catalog\Catalog.Contracts\Catalog.Contracts.csproj", "{F7C8259A-83B5-4000-A3AD-F2B8A84A3445}"
EndProject
Project("{FAE04EC0-301F-11D3-BF4B-00C04F79EFBC}") = "Ordering.Worker", "Order\Ordering.Worker\Ordering.Worker.csproj", "{5AACE1DC-DA51-4ACC-A157-4CDB94B3E3ED}"
EndProject
Global
	GlobalSection(SolutionConfigurationPlatforms) = preSolution
		Debug|Any CPU = Debug|Any CPU
		Release|Any CPU = Release|Any CPU
	EndGlobalSection
	GlobalSection(ProjectConfigurationPlatforms) = postSolution
		{DFAFD9F3-D9AC-4A22-8CD6-F4739B9CDBAA}.Debug|Any CPU.ActiveCfg = Debug|Any CPU
		{DFAFD9F3-D9AC-4A22-8CD6-F4739B9CDBAA}.Debug|Any CPU.Build.0 = Debug|Any CPU
		{DFAFD9F3-D9AC-4A22-8CD6-F4739B9CDBAA}.Release|Any CPU.ActiveCfg = Release|Any CPU
		{DFAFD9F3-D9AC-4A22-8CD6-F4739B9CDBAA}.Release|Any CPU.Build.0 = Release|Any CPU
		{676C2601-69FF-40F5-8B6D-4200268707B0}.Debug|Any CPU.ActiveCfg = Debug|Any CPU
		{676C2601-69FF-40F5-8B6D-4200268707B0}.Debug|Any CPU.Build.0 = Debug|Any CPU
		{676C2601-69FF-40F5-8B6D-4200268707B0}.Release|Any CPU.ActiveCfg = Release|Any CPU
		{676C2601-69FF-40F5-8B6D-4200268707B0}.Release|Any CPU.Build.0 = Release|Any CPU
		{DA037194-41A5-4680-A9F9-8CC94F396ECC}.Debug|Any CPU.ActiveCfg = Debug|Any CPU
		{DA037194-41A5-4680-A9F9-8CC94F396ECC}.Debug|Any CPU.Build.0 = Debug|Any CPU
		{DA037194-41A5-4680-A9F9-8CC94F396ECC}.Release|Any CPU.ActiveCfg = Release|Any CPU
		{DA037194-41A5-4680-A9F9-8CC94F396ECC}.Release|Any CPU.Build.0 = Release|Any CPU
		{90AA84DB-906D-4FCB-9D9D-C932111A7017}.Debug|Any CPU.ActiveCfg = Debug|Any CPU
		{90AA84DB-906D-4FCB-9D9D-C932111A7017}.Debug|Any CPU.Build.0 = Debug|Any CPU
		{90AA84DB-906D-4FCB-9D9D-C932111A7017}.Release|Any CPU.ActiveCfg = Release|Any CPU
		{90AA84DB-906D-4FCB-9D9D-C932111A7017}.Release|Any CPU.Build.0 = Release|Any CPU
		{7F6A7F51-5CE8-4574-A06B-E63FF03C612C}.Debug|Any CPU.ActiveCfg = Debug|Any CPU
		{7F6A7F51-5CE8-4574-A06B-E63FF03C612C}.Debug|Any CPU.Build.0 = Debug|Any CPU
		{7F6A7F51-5CE8-4574-A06B-E63FF03C612C}.Release|Any CPU.ActiveCfg = Release|Any CPU
		{7F6A7F51-5CE8-4574-A06B-E63FF03C612C}.Release|Any CPU.Build.0 = Release|Any CPU
		{AEBC6832-CCC8-4B4F-8E13-A21F07495AAF}.Debug|Any CPU.ActiveCfg = Debug|Any CPU
		{AEBC6832-CCC8-4B4F-8E13-A21F07495AAF}.Debug|Any CPU.Build.0 = Debug|Any CPU
		{AEBC6832-CCC8-4B4F-8E13-A21F07495AAF}.Release|Any CPU.ActiveCfg = Release|Any CPU
		{AEBC6832-CCC8-4B4F-8E13-A21F07495AAF}.Release|Any CPU.Build.0 = Release|Any CPU
		{2416CA05-44A9-46E0-85A6-83A4A14F196E}.Debug|Any CPU.ActiveCfg = Debug|Any CPU
		{2416CA05-44A9-46E0-85A6-83A4A14F196E}.Debug|Any CPU.Build.0 = Debug|Any CPU
		{2416CA05-44A9-46E0-85A6-83A4A14F196E}.Release|Any CPU.ActiveCfg = Release|Any CPU
		{2416CA05-44A9-46E0-85A6-83A4A14F196E}.Release|Any CPU.Build.0 = Release|Any CPU
		{61FD7E74-346D-4FCB-A568-C359A8C21732}.Debug|Any CPU.ActiveCfg = Debug|Any CPU
		{61FD7E74-346D-4FCB-A568-C359A8C21732}.Debug|Any CPU.Build.0 = Debug|Any CPU
		{61FD7E74-346D-4FCB-A568-C359A8C21732}.Release|Any CPU.ActiveCfg = Release|Any CPU
		{61FD7E74-346D-4FCB-A568-C359A8C21732}.Release|Any CPU.Build.0 = Release|Any CPU
		{95E6DECA-0DA6-4A81-8728-5B942D7AEF60}.Debug|Any CPU.ActiveCfg = Debug|Any CPU
		{95E6DECA-0DA6-4A81-8728-5B942D7AEF60}.Debug|Any CPU.Build.0 = Debug|Any CPU
		{95E6DECA-0DA6-4A81-8728-5B942D7AEF60}.Release|Any CPU.ActiveCfg = Release|Any CPU
		{95E6DECA-0DA6-4A81-8728-5B942D7AEF60}.Release|Any CPU.Build.0 = Release|Any CPU
		{2AE1CF00-C886-41FA-8CB9-BB6384D7DB1A}.Debug|Any CPU.ActiveCfg = Debug|Any CPU
		{2AE1CF00-C886-41FA-8CB9-BB6384D7DB1A}.Debug|Any CPU.Build.0 = Debug|Any CPU
		{2AE1CF00-C886-41FA-8CB9-BB6384D7DB1A}.Release|Any CPU.ActiveCfg = Release|Any CPU
		{2AE1CF00-C886-41FA-8CB9-BB6384D7DB1A}.Release|Any CPU.Build.0 = Release|Any CPU
		{142EDEA0-4E38-4930-B09D-7A969F06EDD9}.Debug|Any CPU.ActiveCfg = Debug|Any CPU
		{142EDEA0-4E38-4930-B09D-7A969F06EDD9}.Debug|Any CPU.Build.0 = Debug|Any CPU
		{142EDEA0-4E38-4930-B09D-7A969F06EDD9}.Release|Any CPU.ActiveCfg = Release|Any CPU
		{142EDEA0-4E38-4930-B09D-7A969F06EDD9}.Release|Any CPU.Build.0 = Release|Any CPU
		{1906F379-0022-47E7-B279-EBBFE2CD27A9}.Debug|Any CPU.ActiveCfg = Debug|Any CPU
		{1906F379-0022-47E7-B279-EBBFE2CD27A9}.Debug|Any CPU.Build.0 = Debug|Any CPU
		{1906F379-0022-47E7-B279-EBBFE2CD27A9}.Release|Any CPU.ActiveCfg = Release|Any CPU
		{1906F379-0022-47E7-B279-EBBFE2CD27A9}.Release|Any CPU.Build.0 = Release|Any CPU
		{A23BAC98-4494-4BA9-845C-BED27A0F63A0}.Debug|Any CPU.ActiveCfg = Debug|Any CPU
		{A23BAC98-4494-4BA9-845C-BED27A0F63A0}.Debug|Any CPU.Build.0 = Debug|Any CPU
		{A23BAC98-4494-4BA9-845C-BED27A0F63A0}.Release|Any CPU.ActiveCfg = Release|Any CPU
		{A23BAC98-4494-4BA9-845C-BED27A0F63A0}.Release|Any CPU.Build.0 = Release|Any CPU
		{AAFE5FFB-9F7A-416A-915F-543B91AAB7C6}.Debug|Any CPU.ActiveCfg = Debug|Any CPU
		{AAFE5FFB-9F7A-416A-915F-543B91AAB7C6}.Debug|Any CPU.Build.0 = Debug|Any CPU
		{AAFE5FFB-9F7A-416A-915F-543B91AAB7C6}.Release|Any CPU.ActiveCfg = Release|Any CPU
		{AAFE5FFB-9F7A-416A-915F-543B91AAB7C6}.Release|Any CPU.Build.0 = Release|Any CPU
		{F7C8259A-83B5-4000-A3AD-F2B8A84A3445}.Debug|Any CPU.ActiveCfg = Debug|Any CPU
		{F7C8259A-83B5-4000-A3AD-F2B8A84A3445}.Debug|Any CPU.Build.0 = Debug|Any CPU
		{F7C8259A-83B5-4000-A3AD-F2B8A84A3445}.Release|Any CPU.ActiveCfg = Release|Any CPU
		{F7C8259A-83B5-4000-A3AD-F2B8A84A3445}.Release|Any CPU.Build.0 = Release|Any CPU
		{5AACE1DC-DA51-4ACC-A157-4CDB94B3E3ED}.Debug|Any CPU.ActiveCfg = Debug|Any CPU
		{5AACE1DC-DA51-4ACC-A157-4CDB94B3E3ED}.Debug|Any CPU.Build.0 = Debug|Any CPU
		{5AACE1DC-DA51-4ACC-A157-4CDB94B3E3ED}.Release|Any CPU.ActiveCfg = Release|Any CPU
		{5AACE1DC-DA51-4ACC-A157-4CDB94B3E3ED}.Release|Any CPU.Build.0 = Release|Any CPU
	EndGlobalSection
	GlobalSection(SolutionProperties) = preSolution
		HideSolutionNode = FALSE
	EndGlobalSection
	GlobalSection(NestedProjects) = preSolution
		{DFAFD9F3-D9AC-4A22-8CD6-F4739B9CDBAA} = {493731B5-3D3E-482D-B0FF-DBDB33E524F3}
		{676C2601-69FF-40F5-8B6D-4200268707B0} = {493731B5-3D3E-482D-B0FF-DBDB33E524F3}
		{DA037194-41A5-4680-A9F9-8CC94F396ECC} = {493731B5-3D3E-482D-B0FF-DBDB33E524F3}
		{90AA84DB-906D-4FCB-9D9D-C932111A7017} = {AE7AD4BE-AACC-40F5-858A-E8F3B5E29E56}
		{8FA19683-9172-44B5-BB2A-236F528DA95F} = {2ABD3F52-8CF2-4FA7-8BC7-5C9ECC2C5551}
		{7F6A7F51-5CE8-4574-A06B-E63FF03C612C} = {8FA19683-9172-44B5-BB2A-236F528DA95F}
		{AEBC6832-CCC8-4B4F-8E13-A21F07495AAF} = {8FA19683-9172-44B5-BB2A-236F528DA95F}
		{2416CA05-44A9-46E0-85A6-83A4A14F196E} = {8FA19683-9172-44B5-BB2A-236F528DA95F}
		{8A13C604-7820-4817-AC88-19CAA6ED5AB6} = {2ABD3F52-8CF2-4FA7-8BC7-5C9ECC2C5551}
		{61FD7E74-346D-4FCB-A568-C359A8C21732} = {8A13C604-7820-4817-AC88-19CAA6ED5AB6}
		{95E6DECA-0DA6-4A81-8728-5B942D7AEF60} = {650685DD-C608-4397-A817-F44BDF365947}
		{2AE1CF00-C886-41FA-8CB9-BB6384D7DB1A} = {8A13C604-7820-4817-AC88-19CAA6ED5AB6}
		{142EDEA0-4E38-4930-B09D-7A969F06EDD9} = {8FA19683-9172-44B5-BB2A-236F528DA95F}
		{1906F379-0022-47E7-B279-EBBFE2CD27A9} = {8FA19683-9172-44B5-BB2A-236F528DA95F}
		{D1BBCEEF-9701-4EE1-BEEE-62C2180DF64B} = {2ABD3F52-8CF2-4FA7-8BC7-5C9ECC2C5551}
		{A23BAC98-4494-4BA9-845C-BED27A0F63A0} = {D1BBCEEF-9701-4EE1-BEEE-62C2180DF64B}
		{260C62A1-5EBE-4818-9ED8-CD604F3C0113} = {2ABD3F52-8CF2-4FA7-8BC7-5C9ECC2C5551}
		{AAFE5FFB-9F7A-416A-915F-543B91AAB7C6} = {260C62A1-5EBE-4818-9ED8-CD604F3C0113}
		{F2317AFF-A0B6-4BED-9751-C629D2E17BA8} = {2ABD3F52-8CF2-4FA7-8BC7-5C9ECC2C5551}
		{F7C8259A-83B5-4000-A3AD-F2B8A84A3445} = {F2317AFF-A0B6-4BED-9751-C629D2E17BA8}
		{5AACE1DC-DA51-4ACC-A157-4CDB94B3E3ED} = {8FA19683-9172-44B5-BB2A-236F528DA95F}
	EndGlobalSection
	GlobalSection(ExtensibilityGlobals) = postSolution
		SolutionGuid = {64151344-227D-48F0-BD0D-BCA86CFD69C1}
	EndGlobalSection
EndGlobal
