
Microsoft Visual Studio Solution File, Format Version 12.00
# Visual Studio Version 16
VisualStudioVersion = 16.0.28803.156
MinimumVisualStudioVersion = 10.0.40219.1
Project("{2150E333-8FDC-42A3-9474-1A3956D46DE8}") = "Services", "Services", "{E7F1FD59-5281-4D2B-BBF6-9FE85D82C630}"
EndProject
Project("{2150E333-8FDC-42A3-9474-1A3956D46DE8}") = "Order", "Order", "{91086327-48F5-48AB-8A9A-420381C3B713}"
EndProject
Project("{2150E333-8FDC-42A3-9474-1A3956D46DE8}") = "Tests", "Tests", "{DCACBDEE-69DA-4153-A460-A546F0ECD151}"
EndProject
Project("{9A19103F-16F7-4668-BE54-9A1E7A4F7556}") = "Ordering.Domain", "Services\Orders\Ordering.Domain\Ordering.Domain.csproj", "{222503DB-C7D6-4B4B-BD60-26E8FB9AE020}"
EndProject
Project("{9A19103F-16F7-4668-BE54-9A1E7A4F7556}") = "Ordering.UnitTests", "Services\Orders\Ordering.UnitTests\Ordering.UnitTests.csproj", "{68155A29-E74C-4CEE-AB66-4BB7ED18EAA7}"
EndProject
Project("{9A19103F-16F7-4668-BE54-9A1E7A4F7556}") = "Ordering.Infrastructure", "Services\Orders\Ordering.Infrastructure\Ordering.Infrastructure.csproj", "{3C1114D6-0433-4880-A8DC-409F691B4486}"
EndProject
Project("{9A19103F-16F7-4668-BE54-9A1E7A4F7556}") = "Ordering.API", "Services\Orders\Ordering.API\Ordering.API.csproj", "{49EC1F4B-F915-4A8B-9A09-6CF9B46F07D5}"
EndProject
Project("{2150E333-8FDC-42A3-9474-1A3956D46DE8}") = "BuildingBlocks", "BuildingBlocks", "{AB5DF346-C4CA-4F84-A234-CD9E81228F86}"
EndProject
Project("{2150E333-8FDC-42A3-9474-1A3956D46DE8}") = "EventBus", "EventBus", "{C622C4BB-AF71-4568-A385-96AC8D304225}"
EndProject
Project("{9A19103F-16F7-4668-BE54-9A1E7A4F7556}") = "EventBus", "BuildingBlocks\EventBus\EventBus.csproj", "{C698711E-57F7-4309-8558-0E9E4D15C02E}"
EndProject
Project("{9A19103F-16F7-4668-BE54-9A1E7A4F7556}") = "IntegrationEventLogEF", "BuildingBlocks\IntegrationEventLogEF\IntegrationEventLogEF.csproj", "{B82C88E0-892F-4822-ABD5-68313817B990}"
EndProject
Project("{9A19103F-16F7-4668-BE54-9A1E7A4F7556}") = "EventBusRabbitMQ", "BuildingBlocks\EventBusRabbitMQ\EventBusRabbitMQ.csproj", "{C3DBBEF1-F823-4A72-A02A-803FBFF63032}"
EndProject
Project("{2150E333-8FDC-42A3-9474-1A3956D46DE8}") = "WebHost", "WebHost", "{FA1E2813-9EA3-46E7-AE94-FBFEBCE4273A}"
EndProject
Project("{9A19103F-16F7-4668-BE54-9A1E7A4F7556}") = "WebHost.Customization", "BuildingBlocks\WebHost.Customization\WebHost.Customization.csproj", "{00BCA877-9774-491D-B9F5-35B0E7F070EA}"
EndProject
Project("{2150E333-8FDC-42A3-9474-1A3956D46DE8}") = "CFS", "CFS", "{B1886BA9-B85A-48D9-A7FC-ECA73C0E70AB}"
EndProject
Project("{2150E333-8FDC-42A3-9474-1A3956D46DE8}") = "Tests", "Tests", "{42989639-692E-4E5D-94AE-7DACB25B74D7}"
EndProject
Project("{9A19103F-16F7-4668-BE54-9A1E7A4F7556}") = "CFS.Domain", "Services\CFS\CFS.Domain\CFS.Domain.csproj", "{058899BE-5D75-4177-8B21-6CB795E6F9A1}"
EndProject
Project("{9A19103F-16F7-4668-BE54-9A1E7A4F7556}") = "CFS.Infrastructure", "Services\CFS\CFS.Infrastructure\CFS.Infrastructure.csproj", "{CCFDEF6F-2396-4289-83CB-6AFF3F5DE59F}"
EndProject
Project("{9A19103F-16F7-4668-BE54-9A1E7A4F7556}") = "CFS.Application", "Services\CFS\CFS.Application\CFS.Application.csproj", "{A5FAB1DE-4439-435A-A0A8-A744DA7ED05F}"
EndProject
Global
	GlobalSection(SolutionConfigurationPlatforms) = preSolution
		Debug|Any CPU = Debug|Any CPU
		Release|Any CPU = Release|Any CPU
	EndGlobalSection
	GlobalSection(ProjectConfigurationPlatforms) = postSolution
		{222503DB-C7D6-4B4B-BD60-26E8FB9AE020}.Debug|Any CPU.ActiveCfg = Debug|Any CPU
		{222503DB-C7D6-4B4B-BD60-26E8FB9AE020}.Debug|Any CPU.Build.0 = Debug|Any CPU
		{222503DB-C7D6-4B4B-BD60-26E8FB9AE020}.Release|Any CPU.ActiveCfg = Release|Any CPU
		{222503DB-C7D6-4B4B-BD60-26E8FB9AE020}.Release|Any CPU.Build.0 = Release|Any CPU
		{68155A29-E74C-4CEE-AB66-4BB7ED18EAA7}.Debug|Any CPU.ActiveCfg = Debug|Any CPU
		{68155A29-E74C-4CEE-AB66-4BB7ED18EAA7}.Debug|Any CPU.Build.0 = Debug|Any CPU
		{68155A29-E74C-4CEE-AB66-4BB7ED18EAA7}.Release|Any CPU.ActiveCfg = Release|Any CPU
		{68155A29-E74C-4CEE-AB66-4BB7ED18EAA7}.Release|Any CPU.Build.0 = Release|Any CPU
		{3C1114D6-0433-4880-A8DC-409F691B4486}.Debug|Any CPU.ActiveCfg = Debug|Any CPU
		{3C1114D6-0433-4880-A8DC-409F691B4486}.Debug|Any CPU.Build.0 = Debug|Any CPU
		{3C1114D6-0433-4880-A8DC-409F691B4486}.Release|Any CPU.ActiveCfg = Release|Any CPU
		{3C1114D6-0433-4880-A8DC-409F691B4486}.Release|Any CPU.Build.0 = Release|Any CPU
		{49EC1F4B-F915-4A8B-9A09-6CF9B46F07D5}.Debug|Any CPU.ActiveCfg = Debug|Any CPU
		{49EC1F4B-F915-4A8B-9A09-6CF9B46F07D5}.Debug|Any CPU.Build.0 = Debug|Any CPU
		{49EC1F4B-F915-4A8B-9A09-6CF9B46F07D5}.Release|Any CPU.ActiveCfg = Release|Any CPU
		{49EC1F4B-F915-4A8B-9A09-6CF9B46F07D5}.Release|Any CPU.Build.0 = Release|Any CPU
		{C698711E-57F7-4309-8558-0E9E4D15C02E}.Debug|Any CPU.ActiveCfg = Debug|Any CPU
		{C698711E-57F7-4309-8558-0E9E4D15C02E}.Debug|Any CPU.Build.0 = Debug|Any CPU
		{C698711E-57F7-4309-8558-0E9E4D15C02E}.Release|Any CPU.ActiveCfg = Release|Any CPU
		{C698711E-57F7-4309-8558-0E9E4D15C02E}.Release|Any CPU.Build.0 = Release|Any CPU
		{B82C88E0-892F-4822-ABD5-68313817B990}.Debug|Any CPU.ActiveCfg = Debug|Any CPU
		{B82C88E0-892F-4822-ABD5-68313817B990}.Debug|Any CPU.Build.0 = Debug|Any CPU
		{B82C88E0-892F-4822-ABD5-68313817B990}.Release|Any CPU.ActiveCfg = Release|Any CPU
		{B82C88E0-892F-4822-ABD5-68313817B990}.Release|Any CPU.Build.0 = Release|Any CPU
		{C3DBBEF1-F823-4A72-A02A-803FBFF63032}.Debug|Any CPU.ActiveCfg = Debug|Any CPU
		{C3DBBEF1-F823-4A72-A02A-803FBFF63032}.Debug|Any CPU.Build.0 = Debug|Any CPU
		{C3DBBEF1-F823-4A72-A02A-803FBFF63032}.Release|Any CPU.ActiveCfg = Release|Any CPU
		{C3DBBEF1-F823-4A72-A02A-803FBFF63032}.Release|Any CPU.Build.0 = Release|Any CPU
		{00BCA877-9774-491D-B9F5-35B0E7F070EA}.Debug|Any CPU.ActiveCfg = Debug|Any CPU
		{00BCA877-9774-491D-B9F5-35B0E7F070EA}.Debug|Any CPU.Build.0 = Debug|Any CPU
		{00BCA877-9774-491D-B9F5-35B0E7F070EA}.Release|Any CPU.ActiveCfg = Release|Any CPU
		{00BCA877-9774-491D-B9F5-35B0E7F070EA}.Release|Any CPU.Build.0 = Release|Any CPU
		{058899BE-5D75-4177-8B21-6CB795E6F9A1}.Debug|Any CPU.ActiveCfg = Debug|Any CPU
		{058899BE-5D75-4177-8B21-6CB795E6F9A1}.Debug|Any CPU.Build.0 = Debug|Any CPU
		{058899BE-5D75-4177-8B21-6CB795E6F9A1}.Release|Any CPU.ActiveCfg = Release|Any CPU
		{058899BE-5D75-4177-8B21-6CB795E6F9A1}.Release|Any CPU.Build.0 = Release|Any CPU
		{CCFDEF6F-2396-4289-83CB-6AFF3F5DE59F}.Debug|Any CPU.ActiveCfg = Debug|Any CPU
		{CCFDEF6F-2396-4289-83CB-6AFF3F5DE59F}.Debug|Any CPU.Build.0 = Debug|Any CPU
		{CCFDEF6F-2396-4289-83CB-6AFF3F5DE59F}.Release|Any CPU.ActiveCfg = Release|Any CPU
		{CCFDEF6F-2396-4289-83CB-6AFF3F5DE59F}.Release|Any CPU.Build.0 = Release|Any CPU
		{A5FAB1DE-4439-435A-A0A8-A744DA7ED05F}.Debug|Any CPU.ActiveCfg = Debug|Any CPU
		{A5FAB1DE-4439-435A-A0A8-A744DA7ED05F}.Debug|Any CPU.Build.0 = Debug|Any CPU
		{A5FAB1DE-4439-435A-A0A8-A744DA7ED05F}.Release|Any CPU.ActiveCfg = Release|Any CPU
		{A5FAB1DE-4439-435A-A0A8-A744DA7ED05F}.Release|Any CPU.Build.0 = Release|Any CPU
	EndGlobalSection
	GlobalSection(SolutionProperties) = preSolution
		HideSolutionNode = FALSE
	EndGlobalSection
	GlobalSection(NestedProjects) = preSolution
		{91086327-48F5-48AB-8A9A-420381C3B713} = {E7F1FD59-5281-4D2B-BBF6-9FE85D82C630}
		{DCACBDEE-69DA-4153-A460-A546F0ECD151} = {91086327-48F5-48AB-8A9A-420381C3B713}
		{222503DB-C7D6-4B4B-BD60-26E8FB9AE020} = {91086327-48F5-48AB-8A9A-420381C3B713}
		{68155A29-E74C-4CEE-AB66-4BB7ED18EAA7} = {DCACBDEE-69DA-4153-A460-A546F0ECD151}
		{3C1114D6-0433-4880-A8DC-409F691B4486} = {91086327-48F5-48AB-8A9A-420381C3B713}
		{49EC1F4B-F915-4A8B-9A09-6CF9B46F07D5} = {91086327-48F5-48AB-8A9A-420381C3B713}
		{C622C4BB-AF71-4568-A385-96AC8D304225} = {AB5DF346-C4CA-4F84-A234-CD9E81228F86}
		{C698711E-57F7-4309-8558-0E9E4D15C02E} = {C622C4BB-AF71-4568-A385-96AC8D304225}
		{B82C88E0-892F-4822-ABD5-68313817B990} = {C622C4BB-AF71-4568-A385-96AC8D304225}
		{C3DBBEF1-F823-4A72-A02A-803FBFF63032} = {C622C4BB-AF71-4568-A385-96AC8D304225}
		{FA1E2813-9EA3-46E7-AE94-FBFEBCE4273A} = {C622C4BB-AF71-4568-A385-96AC8D304225}
		{00BCA877-9774-491D-B9F5-35B0E7F070EA} = {FA1E2813-9EA3-46E7-AE94-FBFEBCE4273A}
		{B1886BA9-B85A-48D9-A7FC-ECA73C0E70AB} = {E7F1FD59-5281-4D2B-BBF6-9FE85D82C630}
		{42989639-692E-4E5D-94AE-7DACB25B74D7} = {B1886BA9-B85A-48D9-A7FC-ECA73C0E70AB}
		{058899BE-5D75-4177-8B21-6CB795E6F9A1} = {B1886BA9-B85A-48D9-A7FC-ECA73C0E70AB}
		{CCFDEF6F-2396-4289-83CB-6AFF3F5DE59F} = {B1886BA9-B85A-48D9-A7FC-ECA73C0E70AB}
		{A5FAB1DE-4439-435A-A0A8-A744DA7ED05F} = {B1886BA9-B85A-48D9-A7FC-ECA73C0E70AB}
	EndGlobalSection
	GlobalSection(ExtensibilityGlobals) = postSolution
		SolutionGuid = {7B1D4A3E-BC3E-4F19-BCB1-8FF69F3FCCDD}
	EndGlobalSection
EndGlobal
