
Microsoft Visual Studio Solution File, Format Version 12.00
# Visual Studio Version 16
VisualStudioVersion = 16.0.28803.156
MinimumVisualStudioVersion = 10.0.40219.1
Project("{2150E333-8FDC-42A3-9474-1A3956D46DE8}") = "Services", "Services", "{E7F1FD59-5281-4D2B-BBF6-9FE85D82C630}"
EndProject
Project("{2150E333-8FDC-42A3-9474-1A3956D46DE8}") = "BuildingBlocks", "BuildingBlocks", "{AB5DF346-C4CA-4F84-A234-CD9E81228F86}"
EndProject
Project("{2150E333-8FDC-42A3-9474-1A3956D46DE8}") = "EventBus", "EventBus", "{C622C4BB-AF71-4568-A385-96AC8D304225}"
EndProject
Project("{9A19103F-16F7-4668-BE54-9A1E7A4F7556}") = "EventBus", "BuildingBlocks\EventBus\EventBus.csproj", "{C698711E-57F7-4309-8558-0E9E4D15C02E}"
EndProject
Project("{9A19103F-16F7-4668-BE54-9A1E7A4F7556}") = "IntegrationEventLogEF", "BuildingBlocks\IntegrationEventLogEF\IntegrationEventLogEF.csproj", "{B82C88E0-892F-4822-ABD5-68313817B990}"
EndProject
Project("{9A19103F-16F7-4668-BE54-9A1E7A4F7556}") = "EventBusRabbitMQ", "BuildingBlocks\EventBusRabbitMQ\EventBusRabbitMQ.csproj", "{C3DBBEF1-F823-4A72-A02A-803FBFF63032}"
EndProject
Project("{2150E333-8FDC-42A3-9474-1A3956D46DE8}") = "WebHost", "WebHost", "{FA1E2813-9EA3-46E7-AE94-FBFEBCE4273A}"
EndProject
Project("{9A19103F-16F7-4668-BE54-9A1E7A4F7556}") = "WebHost.Customization", "BuildingBlocks\WebHost.Customization\WebHost.Customization.csproj", "{00BCA877-9774-491D-B9F5-35B0E7F070EA}"
EndProject
Project("{2150E333-8FDC-42A3-9474-1A3956D46DE8}") = "CFS", "CFS", "{B1886BA9-B85A-48D9-A7FC-ECA73C0E70AB}"
EndProject
Project("{2150E333-8FDC-42A3-9474-1A3956D46DE8}") = "Tests", "Tests", "{42989639-692E-4E5D-94AE-7DACB25B74D7}"
EndProject
Project("{9A19103F-16F7-4668-BE54-9A1E7A4F7556}") = "CFS.Domain", "Services\CFS\CFS.Domain\CFS.Domain.csproj", "{058899BE-5D75-4177-8B21-6CB795E6F9A1}"
EndProject
Project("{9A19103F-16F7-4668-BE54-9A1E7A4F7556}") = "CFS.Infrastructure", "Services\CFS\CFS.Infrastructure\CFS.Infrastructure.csproj", "{CCFDEF6F-2396-4289-83CB-6AFF3F5DE59F}"
EndProject
Project("{9A19103F-16F7-4668-BE54-9A1E7A4F7556}") = "CFS.Application", "Services\CFS\CFS.Application\CFS.Application.csproj", "{A5FAB1DE-4439-435A-A0A8-A744DA7ED05F}"
EndProject
Project("{2150E333-8FDC-42A3-9474-1A3956D46DE8}") = "Clients", "Clients", "{692FBC8E-71B7-4030-81D3-C5BAC59B5A94}"
EndProject
Project("{9A19103F-16F7-4668-BE54-9A1E7A4F7556}") = "CFS.Client", "Clients\CFS.Client\CFS.Client.csproj", "{76E412F8-525C-4B73-97D9-6282AFF47947}"
EndProject
Global
	GlobalSection(SolutionConfigurationPlatforms) = preSolution
		Debug|Any CPU = Debug|Any CPU
		Release|Any CPU = Release|Any CPU
	EndGlobalSection
	GlobalSection(ProjectConfigurationPlatforms) = postSolution
		{C698711E-57F7-4309-8558-0E9E4D15C02E}.Debug|Any CPU.ActiveCfg = Debug|Any CPU
		{C698711E-57F7-4309-8558-0E9E4D15C02E}.Debug|Any CPU.Build.0 = Debug|Any CPU
		{C698711E-57F7-4309-8558-0E9E4D15C02E}.Release|Any CPU.ActiveCfg = Release|Any CPU
		{C698711E-57F7-4309-8558-0E9E4D15C02E}.Release|Any CPU.Build.0 = Release|Any CPU
		{B82C88E0-892F-4822-ABD5-68313817B990}.Debug|Any CPU.ActiveCfg = Debug|Any CPU
		{B82C88E0-892F-4822-ABD5-68313817B990}.Debug|Any CPU.Build.0 = Debug|Any CPU
		{B82C88E0-892F-4822-ABD5-68313817B990}.Release|Any CPU.ActiveCfg = Release|Any CPU
		{B82C88E0-892F-4822-ABD5-68313817B990}.Release|Any CPU.Build.0 = Release|Any CPU
		{C3DBBEF1-F823-4A72-A02A-803FBFF63032}.Debug|Any CPU.ActiveCfg = Debug|Any CPU
		{C3DBBEF1-F823-4A72-A02A-803FBFF63032}.Debug|Any CPU.Build.0 = Debug|Any CPU
		{C3DBBEF1-F823-4A72-A02A-803FBFF63032}.Release|Any CPU.ActiveCfg = Release|Any CPU
		{C3DBBEF1-F823-4A72-A02A-803FBFF63032}.Release|Any CPU.Build.0 = Release|Any CPU
		{00BCA877-9774-491D-B9F5-35B0E7F070EA}.Debug|Any CPU.ActiveCfg = Debug|Any CPU
		{00BCA877-9774-491D-B9F5-35B0E7F070EA}.Debug|Any CPU.Build.0 = Debug|Any CPU
		{00BCA877-9774-491D-B9F5-35B0E7F070EA}.Release|Any CPU.ActiveCfg = Release|Any CPU
		{00BCA877-9774-491D-B9F5-35B0E7F070EA}.Release|Any CPU.Build.0 = Release|Any CPU
		{058899BE-5D75-4177-8B21-6CB795E6F9A1}.Debug|Any CPU.ActiveCfg = Debug|Any CPU
		{058899BE-5D75-4177-8B21-6CB795E6F9A1}.Debug|Any CPU.Build.0 = Debug|Any CPU
		{058899BE-5D75-4177-8B21-6CB795E6F9A1}.Release|Any CPU.ActiveCfg = Release|Any CPU
		{058899BE-5D75-4177-8B21-6CB795E6F9A1}.Release|Any CPU.Build.0 = Release|Any CPU
		{CCFDEF6F-2396-4289-83CB-6AFF3F5DE59F}.Debug|Any CPU.ActiveCfg = Debug|Any CPU
		{CCFDEF6F-2396-4289-83CB-6AFF3F5DE59F}.Debug|Any CPU.Build.0 = Debug|Any CPU
		{CCFDEF6F-2396-4289-83CB-6AFF3F5DE59F}.Release|Any CPU.ActiveCfg = Release|Any CPU
		{CCFDEF6F-2396-4289-83CB-6AFF3F5DE59F}.Release|Any CPU.Build.0 = Release|Any CPU
		{A5FAB1DE-4439-435A-A0A8-A744DA7ED05F}.Debug|Any CPU.ActiveCfg = Debug|Any CPU
		{A5FAB1DE-4439-435A-A0A8-A744DA7ED05F}.Debug|Any CPU.Build.0 = Debug|Any CPU
		{A5FAB1DE-4439-435A-A0A8-A744DA7ED05F}.Release|Any CPU.ActiveCfg = Release|Any CPU
		{A5FAB1DE-4439-435A-A0A8-A744DA7ED05F}.Release|Any CPU.Build.0 = Release|Any CPU
		{76E412F8-525C-4B73-97D9-6282AFF47947}.Debug|Any CPU.ActiveCfg = Debug|Any CPU
		{76E412F8-525C-4B73-97D9-6282AFF47947}.Debug|Any CPU.Build.0 = Debug|Any CPU
		{76E412F8-525C-4B73-97D9-6282AFF47947}.Release|Any CPU.ActiveCfg = Release|Any CPU
		{76E412F8-525C-4B73-97D9-6282AFF47947}.Release|Any CPU.Build.0 = Release|Any CPU
	EndGlobalSection
	GlobalSection(SolutionProperties) = preSolution
		HideSolutionNode = FALSE
	EndGlobalSection
	GlobalSection(NestedProjects) = preSolution
		{C622C4BB-AF71-4568-A385-96AC8D304225} = {AB5DF346-C4CA-4F84-A234-CD9E81228F86}
		{C698711E-57F7-4309-8558-0E9E4D15C02E} = {C622C4BB-AF71-4568-A385-96AC8D304225}
		{B82C88E0-892F-4822-ABD5-68313817B990} = {C622C4BB-AF71-4568-A385-96AC8D304225}
		{C3DBBEF1-F823-4A72-A02A-803FBFF63032} = {C622C4BB-AF71-4568-A385-96AC8D304225}
		{FA1E2813-9EA3-46E7-AE94-FBFEBCE4273A} = {C622C4BB-AF71-4568-A385-96AC8D304225}
		{00BCA877-9774-491D-B9F5-35B0E7F070EA} = {FA1E2813-9EA3-46E7-AE94-FBFEBCE4273A}
		{B1886BA9-B85A-48D9-A7FC-ECA73C0E70AB} = {E7F1FD59-5281-4D2B-BBF6-9FE85D82C630}
		{42989639-692E-4E5D-94AE-7DACB25B74D7} = {B1886BA9-B85A-48D9-A7FC-ECA73C0E70AB}
		{058899BE-5D75-4177-8B21-6CB795E6F9A1} = {B1886BA9-B85A-48D9-A7FC-ECA73C0E70AB}
		{CCFDEF6F-2396-4289-83CB-6AFF3F5DE59F} = {B1886BA9-B85A-48D9-A7FC-ECA73C0E70AB}
		{A5FAB1DE-4439-435A-A0A8-A744DA7ED05F} = {B1886BA9-B85A-48D9-A7FC-ECA73C0E70AB}
		{76E412F8-525C-4B73-97D9-6282AFF47947} = {692FBC8E-71B7-4030-81D3-C5BAC59B5A94}
	EndGlobalSection
	GlobalSection(ExtensibilityGlobals) = postSolution
		SolutionGuid = {7B1D4A3E-BC3E-4F19-BCB1-8FF69F3FCCDD}
	EndGlobalSection
EndGlobal
